
Microsoft Visual Studio Solution File, Format Version 12.00
# Visual Studio Version 17
VisualStudioVersion = 17.3.32825.248
MinimumVisualStudioVersion = 10.0.40219.1
Project("{9A19103F-16F7-4668-BE54-9A1E7A4F7556}") = "AreaCalculateLibrary", "AreaCalculateLibrary\AreaCalculateLibrary.csproj", "{5E5DA94D-0F68-42BC-B4BB-EA7122D34DC3}"
EndProject
Project("{FAE04EC0-301F-11D3-BF4B-00C04F79EFBC}") = "AreaCalculateUnits", "AreaCalculateUnits\AreaCalculateUnits.csproj", "{4A27FC6F-5699-449E-83BA-F23AC01356EC}"
EndProject
Global
	GlobalSection(SolutionConfigurationPlatforms) = preSolution
		Debug|Any CPU = Debug|Any CPU
		Release|Any CPU = Release|Any CPU
	EndGlobalSection
	GlobalSection(ProjectConfigurationPlatforms) = postSolution
		{5E5DA94D-0F68-42BC-B4BB-EA7122D34DC3}.Debug|Any CPU.ActiveCfg = Debug|Any CPU
		{5E5DA94D-0F68-42BC-B4BB-EA7122D34DC3}.Debug|Any CPU.Build.0 = Debug|Any CPU
		{5E5DA94D-0F68-42BC-B4BB-EA7122D34DC3}.Release|Any CPU.ActiveCfg = Release|Any CPU
		{5E5DA94D-0F68-42BC-B4BB-EA7122D34DC3}.Release|Any CPU.Build.0 = Release|Any CPU
		{4A27FC6F-5699-449E-83BA-F23AC01356EC}.Debug|Any CPU.ActiveCfg = Debug|Any CPU
		{4A27FC6F-5699-449E-83BA-F23AC01356EC}.Debug|Any CPU.Build.0 = Debug|Any CPU
		{4A27FC6F-5699-449E-83BA-F23AC01356EC}.Release|Any CPU.ActiveCfg = Release|Any CPU
		{4A27FC6F-5699-449E-83BA-F23AC01356EC}.Release|Any CPU.Build.0 = Release|Any CPU
	EndGlobalSection
	GlobalSection(SolutionProperties) = preSolution
		HideSolutionNode = FALSE
	EndGlobalSection
	GlobalSection(ExtensibilityGlobals) = postSolution
		SolutionGuid = {DF94869E-9429-4089-90EA-2B579F83EB1C}
	EndGlobalSection
EndGlobal
